
Microsoft Visual Studio Solution File, Format Version 12.00
# Visual Studio Version 17
VisualStudioVersion = 17.5.33424.131
MinimumVisualStudioVersion = 10.0.40219.1
Project("{9A19103F-16F7-4668-BE54-9A1E7A4F7556}") = "Data", "Data\Data.csproj", "{B9ADB557-75F2-4B7C-B427-D6C32B982F55}"
EndProject
Project("{9A19103F-16F7-4668-BE54-9A1E7A4F7556}") = "Domain", "Domain\Domain.csproj", "{2520BE6C-7863-4C46-B395-B47BA900483E}"
	ProjectSection(ProjectDependencies) = postProject
		{B9ADB557-75F2-4B7C-B427-D6C32B982F55} = {B9ADB557-75F2-4B7C-B427-D6C32B982F55}
	EndProjectSection
EndProject
Project("{FAE04EC0-301F-11D3-BF4B-00C04F79EFBC}") = "Presentation", "Presentation\Presentation.csproj", "{5FA5EBCD-2964-453A-9DD0-231F9E6A931F}"
EndProject
Global
	GlobalSection(SolutionConfigurationPlatforms) = preSolution
		Debug|Any CPU = Debug|Any CPU
		Release|Any CPU = Release|Any CPU
	EndGlobalSection
	GlobalSection(ProjectConfigurationPlatforms) = postSolution
		{B9ADB557-75F2-4B7C-B427-D6C32B982F55}.Debug|Any CPU.ActiveCfg = Debug|Any CPU
		{B9ADB557-75F2-4B7C-B427-D6C32B982F55}.Debug|Any CPU.Build.0 = Debug|Any CPU
		{B9ADB557-75F2-4B7C-B427-D6C32B982F55}.Release|Any CPU.ActiveCfg = Release|Any CPU
		{B9ADB557-75F2-4B7C-B427-D6C32B982F55}.Release|Any CPU.Build.0 = Release|Any CPU
		{2520BE6C-7863-4C46-B395-B47BA900483E}.Debug|Any CPU.ActiveCfg = Debug|Any CPU
		{2520BE6C-7863-4C46-B395-B47BA900483E}.Debug|Any CPU.Build.0 = Debug|Any CPU
		{2520BE6C-7863-4C46-B395-B47BA900483E}.Release|Any CPU.ActiveCfg = Release|Any CPU
		{2520BE6C-7863-4C46-B395-B47BA900483E}.Release|Any CPU.Build.0 = Release|Any CPU
		{5FA5EBCD-2964-453A-9DD0-231F9E6A931F}.Debug|Any CPU.ActiveCfg = Debug|Any CPU
		{5FA5EBCD-2964-453A-9DD0-231F9E6A931F}.Debug|Any CPU.Build.0 = Debug|Any CPU
		{5FA5EBCD-2964-453A-9DD0-231F9E6A931F}.Release|Any CPU.ActiveCfg = Release|Any CPU
		{5FA5EBCD-2964-453A-9DD0-231F9E6A931F}.Release|Any CPU.Build.0 = Release|Any CPU
	EndGlobalSection
	GlobalSection(SolutionProperties) = preSolution
		HideSolutionNode = FALSE
	EndGlobalSection
	GlobalSection(ExtensibilityGlobals) = postSolution
		SolutionGuid = {E1420249-F329-42CE-86F4-FB7511261A62}
	EndGlobalSection
EndGlobal
